
Microsoft Visual Studio Solution File, Format Version 12.00
# Visual Studio Version 16
VisualStudioVersion = 16.0.31129.286
MinimumVisualStudioVersion = 10.0.40219.1
Project("{9A19103F-16F7-4668-BE54-9A1E7A4F7556}") = "XTask", "XTask\XTask.csproj", "{2BD667B4-CDEC-45A5-B692-955ED4EDE705}"
EndProject
Project("{9A19103F-16F7-4668-BE54-9A1E7A4F7556}") = "XTask6", "XTasks6\XTask6.csproj", "{A6ADD168-AADB-4DED-8449-EFFBA4CB3027}"
EndProject
Project("{9A19103F-16F7-4668-BE54-9A1E7A4F7556}") = "XTask10", "XTask10\XTask10.csproj", "{44460429-D047-49C9-B890-CE751CF5DB20}"
EndProject
Project("{FAE04EC0-301F-11D3-BF4B-00C04F79EFBC}") = "XTask16", "XTask16\XTask16.csproj", "{D8FDE6D2-DED6-4472-9BA8-76D83A16961D}"
EndProject
Global
	GlobalSection(SolutionConfigurationPlatforms) = preSolution
		Debug|Any CPU = Debug|Any CPU
		Release|Any CPU = Release|Any CPU
	EndGlobalSection
	GlobalSection(ProjectConfigurationPlatforms) = postSolution
		{2BD667B4-CDEC-45A5-B692-955ED4EDE705}.Debug|Any CPU.ActiveCfg = Debug|Any CPU
		{2BD667B4-CDEC-45A5-B692-955ED4EDE705}.Debug|Any CPU.Build.0 = Debug|Any CPU
		{2BD667B4-CDEC-45A5-B692-955ED4EDE705}.Release|Any CPU.ActiveCfg = Release|Any CPU
		{2BD667B4-CDEC-45A5-B692-955ED4EDE705}.Release|Any CPU.Build.0 = Release|Any CPU
		{A6ADD168-AADB-4DED-8449-EFFBA4CB3027}.Debug|Any CPU.ActiveCfg = Debug|Any CPU
		{A6ADD168-AADB-4DED-8449-EFFBA4CB3027}.Debug|Any CPU.Build.0 = Debug|Any CPU
		{A6ADD168-AADB-4DED-8449-EFFBA4CB3027}.Release|Any CPU.ActiveCfg = Release|Any CPU
		{A6ADD168-AADB-4DED-8449-EFFBA4CB3027}.Release|Any CPU.Build.0 = Release|Any CPU
		{44460429-D047-49C9-B890-CE751CF5DB20}.Debug|Any CPU.ActiveCfg = Debug|Any CPU
		{44460429-D047-49C9-B890-CE751CF5DB20}.Debug|Any CPU.Build.0 = Debug|Any CPU
		{44460429-D047-49C9-B890-CE751CF5DB20}.Release|Any CPU.ActiveCfg = Release|Any CPU
		{44460429-D047-49C9-B890-CE751CF5DB20}.Release|Any CPU.Build.0 = Release|Any CPU
		{D8FDE6D2-DED6-4472-9BA8-76D83A16961D}.Debug|Any CPU.ActiveCfg = Debug|Any CPU
		{D8FDE6D2-DED6-4472-9BA8-76D83A16961D}.Debug|Any CPU.Build.0 = Debug|Any CPU
		{D8FDE6D2-DED6-4472-9BA8-76D83A16961D}.Release|Any CPU.ActiveCfg = Release|Any CPU
		{D8FDE6D2-DED6-4472-9BA8-76D83A16961D}.Release|Any CPU.Build.0 = Release|Any CPU
	EndGlobalSection
	GlobalSection(SolutionProperties) = preSolution
		HideSolutionNode = FALSE
	EndGlobalSection
	GlobalSection(ExtensibilityGlobals) = postSolution
		SolutionGuid = {45644FC0-67D4-489F-985D-C0D3EF7933B4}
	EndGlobalSection
EndGlobal
